// !$*UTF8*$!
{
	archiveVersion = 1;
	classes = {
	};
	objectVersion = 56;
	objects = {

/* Begin PBXBuildFile section */
		F407535A296E15B700C35F3C /* GeneralAlert.swift in Sources */ = {isa = PBXBuildFile; fileRef = F4075359296E15B700C35F3C /* GeneralAlert.swift */; };
		F41A682C2983DBC600948C80 /* KeyAwareView.swift in Sources */ = {isa = PBXBuildFile; fileRef = F41A682B2983DBC600948C80 /* KeyAwareView.swift */; };
		F422AD1A29945018007A1B81 /* FavoritesViewModel.swift in Sources */ = {isa = PBXBuildFile; fileRef = F422AD1929945018007A1B81 /* FavoritesViewModel.swift */; };
		F422AD1F299456F4007A1B81 /* FavoritesView.swift in Sources */ = {isa = PBXBuildFile; fileRef = F422AD1E299456F4007A1B81 /* FavoritesView.swift */; };
		F422AD2829951911007A1B81 /* DoseValues.swift in Sources */ = {isa = PBXBuildFile; fileRef = F422AD2729951911007A1B81 /* DoseValues.swift */; };
		F422AD2D299554EC007A1B81 /* SwiftDose in Frameworks */ = {isa = PBXBuildFile; productRef = F422AD2C299554EC007A1B81 /* SwiftDose */; };
		F4445A68295DE5A90053D9B0 /* AppDelegate.swift in Sources */ = {isa = PBXBuildFile; fileRef = F4445A67295DE5A90053D9B0 /* AppDelegate.swift */; };
		F4445A6B295DEB580053D9B0 /* Localizable.strings in Resources */ = {isa = PBXBuildFile; fileRef = F4445A6D295DEB580053D9B0 /* Localizable.strings */; };
		F4445A8F295E52810053D9B0 /* String.swift in Sources */ = {isa = PBXBuildFile; fileRef = F4445A8E295E52810053D9B0 /* String.swift */; };
		F4445A91295E58310053D9B0 /* GitBuddyAppMainViewModel.swift in Sources */ = {isa = PBXBuildFile; fileRef = F4445A90295E58310053D9B0 /* GitBuddyAppMainViewModel.swift */; };
		F4445AA0295E59790053D9B0 /* GitBuddyAppMainViewModelTest.swift in Sources */ = {isa = PBXBuildFile; fileRef = F4445A9F295E59790053D9B0 /* GitBuddyAppMainViewModelTest.swift */; };
		F4445AA3295E5C7F0053D9B0 /* BaseViewModel.swift in Sources */ = {isa = PBXBuildFile; fileRef = F4445AA2295E5C7F0053D9B0 /* BaseViewModel.swift */; };
		F4445AA5295E687D0053D9B0 /* NoPathSelectedView.swift in Sources */ = {isa = PBXBuildFile; fileRef = F4445AA4295E687D0053D9B0 /* NoPathSelectedView.swift */; };
		F4445AA8295E7BDB0053D9B0 /* RepoViewModel.swift in Sources */ = {isa = PBXBuildFile; fileRef = F4445AA7295E7BDB0053D9B0 /* RepoViewModel.swift */; };
		F44676EF297E93DD00122FFB /* HandleDecissionView.swift in Sources */ = {isa = PBXBuildFile; fileRef = F44676EE297E93DD00122FFB /* HandleDecissionView.swift */; };
		F447A38A2963B8D60056FDEF /* Loading.swift in Sources */ = {isa = PBXBuildFile; fileRef = F447A3892963B8D60056FDEF /* Loading.swift */; };
		F447A38E2963C2C00056FDEF /* ErrorAlert.swift in Sources */ = {isa = PBXBuildFile; fileRef = F447A38D2963C2C00056FDEF /* ErrorAlert.swift */; };
		F468ECEA29775D24005AA4E9 /* BranchElementViewModel.swift in Sources */ = {isa = PBXBuildFile; fileRef = F468ECE929775D24005AA4E9 /* BranchElementViewModel.swift */; };
		F468ECEC297768A7005AA4E9 /* Status+Presentation.swift in Sources */ = {isa = PBXBuildFile; fileRef = F468ECEB297768A7005AA4E9 /* Status+Presentation.swift */; };
		F46C91E9297BD15D00A78C6F /* CommandInputView.swift in Sources */ = {isa = PBXBuildFile; fileRef = F46C91E8297BD15D00A78C6F /* CommandInputView.swift */; };
		F46C91EB297BD29B00A78C6F /* CommandInputViewModel.swift in Sources */ = {isa = PBXBuildFile; fileRef = F46C91EA297BD29B00A78C6F /* CommandInputViewModel.swift */; };
		F46DC533297CA710001E357D /* README.md in Resources */ = {isa = PBXBuildFile; fileRef = F46DC532297CA710001E357D /* README.md */; };
		F46DC541297E16FF001E357D /* GitCaller in Frameworks */ = {isa = PBXBuildFile; productRef = F46DC540297E16FF001E357D /* GitCaller */; };
		F46DC544297E1861001E357D /* FileService.swift in Sources */ = {isa = PBXBuildFile; fileRef = F46DC543297E1861001E357D /* FileService.swift */; };
		F47CB917295DD7AD00A47BA8 /* GitBuddyApp.swift in Sources */ = {isa = PBXBuildFile; fileRef = F47CB916295DD7AD00A47BA8 /* GitBuddyApp.swift */; };
		F47CB919295DD7AD00A47BA8 /* RepoView.swift in Sources */ = {isa = PBXBuildFile; fileRef = F47CB918295DD7AD00A47BA8 /* RepoView.swift */; };
		F47CB91B295DD7AF00A47BA8 /* Assets.xcassets in Resources */ = {isa = PBXBuildFile; fileRef = F47CB91A295DD7AF00A47BA8 /* Assets.xcassets */; };
		F47CB91E295DD7AF00A47BA8 /* Preview Assets.xcassets in Resources */ = {isa = PBXBuildFile; fileRef = F47CB91D295DD7AF00A47BA8 /* Preview Assets.xcassets */; };
		F490DCC829939C220058F5D8 /* Cuckoo in Frameworks */ = {isa = PBXBuildFile; productRef = F490DCC729939C220058F5D8 /* Cuckoo */; };
		F490DCCA29939D770058F5D8 /* GeneratedMocks.swift in Sources */ = {isa = PBXBuildFile; fileRef = F490DCC929939D760058F5D8 /* GeneratedMocks.swift */; };
		F490DCCC2993A3B30058F5D8 /* FileServiceTests.swift in Sources */ = {isa = PBXBuildFile; fileRef = F490DCCB2993A3B30058F5D8 /* FileServiceTests.swift */; };
		F4A7E7782993B7C300768999 /* FileManager.swift in Sources */ = {isa = PBXBuildFile; fileRef = F490DCCE2993A4F40058F5D8 /* FileManager.swift */; };
		F4A7E77B2993B8F200768999 /* FavoriteRepoRepository.swift in Sources */ = {isa = PBXBuildFile; fileRef = F4A7E77A2993B8F200768999 /* FavoriteRepoRepository.swift */; };
		F4A7E77D2993B93B00768999 /* LocalFavoriteRepoRepository.swift in Sources */ = {isa = PBXBuildFile; fileRef = F4A7E77C2993B93B00768999 /* LocalFavoriteRepoRepository.swift */; };
		F4A7E77F2993B9BA00768999 /* UserDefaults.swift in Sources */ = {isa = PBXBuildFile; fileRef = F4A7E77E2993B9BA00768999 /* UserDefaults.swift */; };
		F4A7E7832993BA6D00768999 /* FavoriteRepoRepositoryTests.swift in Sources */ = {isa = PBXBuildFile; fileRef = F4A7E7822993BA6D00768999 /* FavoriteRepoRepositoryTests.swift */; };
		F4A7E7852993BBA500768999 /* UserDefaultsRepo.swift in Sources */ = {isa = PBXBuildFile; fileRef = F4A7E7842993BBA500768999 /* UserDefaultsRepo.swift */; };
		F4B0409429664485007AD99C /* CommitListView.swift in Sources */ = {isa = PBXBuildFile; fileRef = F4B0409329664485007AD99C /* CommitListView.swift */; };
		F4B04096296653CD007AD99C /* CommitItemView.swift in Sources */ = {isa = PBXBuildFile; fileRef = F4B04095296653CD007AD99C /* CommitItemView.swift */; };
		F4B04098296653F0007AD99C /* CommitTreeElementView.swift in Sources */ = {isa = PBXBuildFile; fileRef = F4B04097296653F0007AD99C /* CommitTreeElementView.swift */; };
		F4B0409A29665452007AD99C /* CommitListViewModel.swift in Sources */ = {isa = PBXBuildFile; fileRef = F4B0409929665452007AD99C /* CommitListViewModel.swift */; };
		F4B0409C29665561007AD99C /* CommitTreeItem+drawing.swift in Sources */ = {isa = PBXBuildFile; fileRef = F4B0409B29665561007AD99C /* CommitTreeItem+drawing.swift */; };
		F4B0409E29665B0F007AD99C /* TagCloudView.swift in Sources */ = {isa = PBXBuildFile; fileRef = F4B0409D29665B0F007AD99C /* TagCloudView.swift */; };
		F4B040A029665B3D007AD99C /* BadgeView.swift in Sources */ = {isa = PBXBuildFile; fileRef = F4B0409F29665B3D007AD99C /* BadgeView.swift */; };
		F4B040A229665BF4007AD99C /* Date.swift in Sources */ = {isa = PBXBuildFile; fileRef = F4B040A129665BF4007AD99C /* Date.swift */; };
		F4C2C72429733AD300A8F745 /* LocalChangesView.swift in Sources */ = {isa = PBXBuildFile; fileRef = F4C2C72329733AD300A8F745 /* LocalChangesView.swift */; };
		F4C2C72629733B0800A8F745 /* LocalChangesViewModel.swift in Sources */ = {isa = PBXBuildFile; fileRef = F4C2C72529733B0800A8F745 /* LocalChangesViewModel.swift */; };
		F4C2C72829740A0D00A8F745 /* CommitListViewSheet.swift in Sources */ = {isa = PBXBuildFile; fileRef = F4C2C72729740A0D00A8F745 /* CommitListViewSheet.swift */; };
		F4C2C72B29742F0500A8F745 /* BranchElementView.swift in Sources */ = {isa = PBXBuildFile; fileRef = F4C2C72A29742F0500A8F745 /* BranchElementView.swift */; };
		F4C2C72E297480E700A8F745 /* PreviewHelper.swift in Sources */ = {isa = PBXBuildFile; fileRef = F4C2C72D297480E700A8F745 /* PreviewHelper.swift */; };
		F4CB2C7B29999D4E00296BF7 /* CommitDetailsView.swift in Sources */ = {isa = PBXBuildFile; fileRef = F4CB2C7A29999D4E00296BF7 /* CommitDetailsView.swift */; };
		F4CB2C7D29999DB600296BF7 /* CommitDetailsViewModel.swift in Sources */ = {isa = PBXBuildFile; fileRef = F4CB2C7C29999DB600296BF7 /* CommitDetailsViewModel.swift */; };
		F4CB2C86299A6F3000296BF7 /* PasteboardService.swift in Sources */ = {isa = PBXBuildFile; fileRef = F4CB2C85299A6F3000296BF7 /* PasteboardService.swift */; };
		F4CB2C88299A712900296BF7 /* PasteboardServiceTests.swift in Sources */ = {isa = PBXBuildFile; fileRef = F4CB2C87299A712900296BF7 /* PasteboardServiceTests.swift */; };
		F4CB2C8B299A7F6000296BF7 /* Pasteboard.swift in Sources */ = {isa = PBXBuildFile; fileRef = F4CB2C8A299A7F6000296BF7 /* Pasteboard.swift */; };
		F4CB2C96299BA70E00296BF7 /* LoadingIndicatorService.swift in Sources */ = {isa = PBXBuildFile; fileRef = F4CB2C95299BA70E00296BF7 /* LoadingIndicatorService.swift */; };
		F4CB2C98299BA7CA00296BF7 /* LoadingIndicatorServiceTests.swift in Sources */ = {isa = PBXBuildFile; fileRef = F4CB2C97299BA7CA00296BF7 /* LoadingIndicatorServiceTests.swift */; };
		F4D6E501296B30C900C302C1 /* BranchListView.swift in Sources */ = {isa = PBXBuildFile; fileRef = F4D6E500296B30C900C302C1 /* BranchListView.swift */; };
		F4D6E503296B30D700C302C1 /* BranchListViewModel.swift in Sources */ = {isa = PBXBuildFile; fileRef = F4D6E502296B30D700C302C1 /* BranchListViewModel.swift */; };
		F4D6E506296B59C600C302C1 /* KeyValueRepository.swift in Sources */ = {isa = PBXBuildFile; fileRef = F4D6E505296B59C600C302C1 /* KeyValueRepository.swift */; };
		F4D6E508296B5B4100C302C1 /* LocalKeyValueRepository.swift in Sources */ = {isa = PBXBuildFile; fileRef = F4D6E507296B5B4100C302C1 /* LocalKeyValueRepository.swift */; };
		F4D6E50A296B6A4B00C302C1 /* OutdatedPillView.swift in Sources */ = {isa = PBXBuildFile; fileRef = F4D6E509296B6A4B00C302C1 /* OutdatedPillView.swift */; };
		F4D6E50C296B739900C302C1 /* ClearButton.swift in Sources */ = {isa = PBXBuildFile; fileRef = F4D6E50B296B739900C302C1 /* ClearButton.swift */; };
		F4D6E50E296B89EE00C302C1 /* ConditionalModifier.swift in Sources */ = {isa = PBXBuildFile; fileRef = F4D6E50D296B89EE00C302C1 /* ConditionalModifier.swift */; };
		F4DD5155297A8DD400787B66 /* DiffView.swift in Sources */ = {isa = PBXBuildFile; fileRef = F4DD5154297A8DD400787B66 /* DiffView.swift */; };
		F4DD5157297A8DE100787B66 /* DiffViewModel.swift in Sources */ = {isa = PBXBuildFile; fileRef = F4DD5156297A8DE100787B66 /* DiffViewModel.swift */; };
		F4E664152978A989009E3898 /* Change+UI.swift in Sources */ = {isa = PBXBuildFile; fileRef = F4E664142978A989009E3898 /* Change+UI.swift */; };
		F4E76A862993E57900C16ADC /* RepoFavorite.swift in Sources */ = {isa = PBXBuildFile; fileRef = F4E76A852993E57900C16ADC /* RepoFavorite.swift */; };
		F4E76A882993E80300C16ADC /* FavoriteRepoService.swift in Sources */ = {isa = PBXBuildFile; fileRef = F4E76A872993E80300C16ADC /* FavoriteRepoService.swift */; };
		F4E76A8A2993EC1C00C16ADC /* FavoriteRepoServiceTests.swift in Sources */ = {isa = PBXBuildFile; fileRef = F4E76A892993EC1C00C16ADC /* FavoriteRepoServiceTests.swift */; };
		FE4458D72E1151A3008EB622 /* InsetTextEditor.swift in Sources */ = {isa = PBXBuildFile; fileRef = FE4458D62E1151A2008EB622 /* InsetTextEditor.swift */; };
/* End PBXBuildFile section */

/* Begin PBXContainerItemProxy section */
		F4445A9A295E58790053D9B0 /* PBXContainerItemProxy */ = {
			isa = PBXContainerItemProxy;
			containerPortal = F47CB90B295DD7AD00A47BA8 /* Project object */;
			proxyType = 1;
			remoteGlobalIDString = F47CB912295DD7AD00A47BA8;
			remoteInfo = GitBuddy;
		};
/* End PBXContainerItemProxy section */

/* Begin PBXFileReference section */
		F4075359296E15B700C35F3C /* GeneralAlert.swift */ = {isa = PBXFileReference; lastKnownFileType = sourcecode.swift; path = GeneralAlert.swift; sourceTree = "<group>"; };
		F41A682B2983DBC600948C80 /* KeyAwareView.swift */ = {isa = PBXFileReference; lastKnownFileType = sourcecode.swift; path = KeyAwareView.swift; sourceTree = "<group>"; };
		F422AD1929945018007A1B81 /* FavoritesViewModel.swift */ = {isa = PBXFileReference; lastKnownFileType = sourcecode.swift; path = FavoritesViewModel.swift; sourceTree = "<group>"; };
		F422AD1E299456F4007A1B81 /* FavoritesView.swift */ = {isa = PBXFileReference; lastKnownFileType = sourcecode.swift; path = FavoritesView.swift; sourceTree = "<group>"; };
		F422AD2729951911007A1B81 /* DoseValues.swift */ = {isa = PBXFileReference; lastKnownFileType = sourcecode.swift; path = DoseValues.swift; sourceTree = "<group>"; };
		F4445A67295DE5A90053D9B0 /* AppDelegate.swift */ = {isa = PBXFileReference; lastKnownFileType = sourcecode.swift; path = AppDelegate.swift; sourceTree = "<group>"; };
		F4445A6C295DEB580053D9B0 /* en */ = {isa = PBXFileReference; lastKnownFileType = text.plist.strings; name = en; path = en.lproj/Localizable.strings; sourceTree = "<group>"; };
		F4445A8E295E52810053D9B0 /* String.swift */ = {isa = PBXFileReference; lastKnownFileType = sourcecode.swift; path = String.swift; sourceTree = "<group>"; };
		F4445A90295E58310053D9B0 /* GitBuddyAppMainViewModel.swift */ = {isa = PBXFileReference; lastKnownFileType = sourcecode.swift; path = GitBuddyAppMainViewModel.swift; sourceTree = "<group>"; };
		F4445A96295E58790053D9B0 /* JaguTests.xctest */ = {isa = PBXFileReference; explicitFileType = wrapper.cfbundle; includeInIndex = 0; path = JaguTests.xctest; sourceTree = BUILT_PRODUCTS_DIR; };
		F4445A9F295E59790053D9B0 /* GitBuddyAppMainViewModelTest.swift */ = {isa = PBXFileReference; lastKnownFileType = sourcecode.swift; path = GitBuddyAppMainViewModelTest.swift; sourceTree = "<group>"; };
		F4445AA2295E5C7F0053D9B0 /* BaseViewModel.swift */ = {isa = PBXFileReference; lastKnownFileType = sourcecode.swift; path = BaseViewModel.swift; sourceTree = "<group>"; };
		F4445AA4295E687D0053D9B0 /* NoPathSelectedView.swift */ = {isa = PBXFileReference; lastKnownFileType = sourcecode.swift; path = NoPathSelectedView.swift; sourceTree = "<group>"; };
		F4445AA7295E7BDB0053D9B0 /* RepoViewModel.swift */ = {isa = PBXFileReference; lastKnownFileType = sourcecode.swift; path = RepoViewModel.swift; sourceTree = "<group>"; };
		F44676EE297E93DD00122FFB /* HandleDecissionView.swift */ = {isa = PBXFileReference; lastKnownFileType = sourcecode.swift; path = HandleDecissionView.swift; sourceTree = "<group>"; };
		F447A3892963B8D60056FDEF /* Loading.swift */ = {isa = PBXFileReference; lastKnownFileType = sourcecode.swift; path = Loading.swift; sourceTree = "<group>"; };
		F447A38D2963C2C00056FDEF /* ErrorAlert.swift */ = {isa = PBXFileReference; lastKnownFileType = sourcecode.swift; path = ErrorAlert.swift; sourceTree = "<group>"; };
		F468ECE929775D24005AA4E9 /* BranchElementViewModel.swift */ = {isa = PBXFileReference; lastKnownFileType = sourcecode.swift; path = BranchElementViewModel.swift; sourceTree = "<group>"; };
		F468ECEB297768A7005AA4E9 /* Status+Presentation.swift */ = {isa = PBXFileReference; lastKnownFileType = sourcecode.swift; path = "Status+Presentation.swift"; sourceTree = "<group>"; };
		F46C91E8297BD15D00A78C6F /* CommandInputView.swift */ = {isa = PBXFileReference; lastKnownFileType = sourcecode.swift; path = CommandInputView.swift; sourceTree = "<group>"; };
		F46C91EA297BD29B00A78C6F /* CommandInputViewModel.swift */ = {isa = PBXFileReference; lastKnownFileType = sourcecode.swift; path = CommandInputViewModel.swift; sourceTree = "<group>"; };
		F46DC532297CA710001E357D /* README.md */ = {isa = PBXFileReference; fileEncoding = 4; lastKnownFileType = net.daringfireball.markdown; path = README.md; sourceTree = "<group>"; };
		F46DC543297E1861001E357D /* FileService.swift */ = {isa = PBXFileReference; lastKnownFileType = sourcecode.swift; path = FileService.swift; sourceTree = "<group>"; };
		F47CB913295DD7AD00A47BA8 /* Jagu.app */ = {isa = PBXFileReference; explicitFileType = wrapper.application; includeInIndex = 0; path = Jagu.app; sourceTree = BUILT_PRODUCTS_DIR; };
		F47CB916295DD7AD00A47BA8 /* GitBuddyApp.swift */ = {isa = PBXFileReference; lastKnownFileType = sourcecode.swift; path = GitBuddyApp.swift; sourceTree = "<group>"; };
		F47CB918295DD7AD00A47BA8 /* RepoView.swift */ = {isa = PBXFileReference; lastKnownFileType = sourcecode.swift; path = RepoView.swift; sourceTree = "<group>"; };
		F47CB91A295DD7AF00A47BA8 /* Assets.xcassets */ = {isa = PBXFileReference; lastKnownFileType = folder.assetcatalog; path = Assets.xcassets; sourceTree = "<group>"; };
		F47CB91D295DD7AF00A47BA8 /* Preview Assets.xcassets */ = {isa = PBXFileReference; lastKnownFileType = folder.assetcatalog; path = "Preview Assets.xcassets"; sourceTree = "<group>"; };
		F490DCC929939D760058F5D8 /* GeneratedMocks.swift */ = {isa = PBXFileReference; fileEncoding = 4; lastKnownFileType = sourcecode.swift; path = GeneratedMocks.swift; sourceTree = "<group>"; };
		F490DCCB2993A3B30058F5D8 /* FileServiceTests.swift */ = {isa = PBXFileReference; lastKnownFileType = sourcecode.swift; path = FileServiceTests.swift; sourceTree = "<group>"; };
		F490DCCE2993A4F40058F5D8 /* FileManager.swift */ = {isa = PBXFileReference; lastKnownFileType = sourcecode.swift; path = FileManager.swift; sourceTree = "<group>"; };
		F4A7E77A2993B8F200768999 /* FavoriteRepoRepository.swift */ = {isa = PBXFileReference; lastKnownFileType = sourcecode.swift; path = FavoriteRepoRepository.swift; sourceTree = "<group>"; };
		F4A7E77C2993B93B00768999 /* LocalFavoriteRepoRepository.swift */ = {isa = PBXFileReference; lastKnownFileType = sourcecode.swift; path = LocalFavoriteRepoRepository.swift; sourceTree = "<group>"; };
		F4A7E77E2993B9BA00768999 /* UserDefaults.swift */ = {isa = PBXFileReference; lastKnownFileType = sourcecode.swift; path = UserDefaults.swift; sourceTree = "<group>"; };
		F4A7E7822993BA6D00768999 /* FavoriteRepoRepositoryTests.swift */ = {isa = PBXFileReference; lastKnownFileType = sourcecode.swift; path = FavoriteRepoRepositoryTests.swift; sourceTree = "<group>"; };
		F4A7E7842993BBA500768999 /* UserDefaultsRepo.swift */ = {isa = PBXFileReference; lastKnownFileType = sourcecode.swift; path = UserDefaultsRepo.swift; sourceTree = "<group>"; };
		F4B0409329664485007AD99C /* CommitListView.swift */ = {isa = PBXFileReference; lastKnownFileType = sourcecode.swift; path = CommitListView.swift; sourceTree = "<group>"; };
		F4B04095296653CD007AD99C /* CommitItemView.swift */ = {isa = PBXFileReference; lastKnownFileType = sourcecode.swift; path = CommitItemView.swift; sourceTree = "<group>"; };
		F4B04097296653F0007AD99C /* CommitTreeElementView.swift */ = {isa = PBXFileReference; lastKnownFileType = sourcecode.swift; path = CommitTreeElementView.swift; sourceTree = "<group>"; };
		F4B0409929665452007AD99C /* CommitListViewModel.swift */ = {isa = PBXFileReference; lastKnownFileType = sourcecode.swift; path = CommitListViewModel.swift; sourceTree = "<group>"; };
		F4B0409B29665561007AD99C /* CommitTreeItem+drawing.swift */ = {isa = PBXFileReference; lastKnownFileType = sourcecode.swift; path = "CommitTreeItem+drawing.swift"; sourceTree = "<group>"; };
		F4B0409D29665B0F007AD99C /* TagCloudView.swift */ = {isa = PBXFileReference; lastKnownFileType = sourcecode.swift; path = TagCloudView.swift; sourceTree = "<group>"; };
		F4B0409F29665B3D007AD99C /* BadgeView.swift */ = {isa = PBXFileReference; lastKnownFileType = sourcecode.swift; path = BadgeView.swift; sourceTree = "<group>"; };
		F4B040A129665BF4007AD99C /* Date.swift */ = {isa = PBXFileReference; lastKnownFileType = sourcecode.swift; path = Date.swift; sourceTree = "<group>"; };
		F4C2C72329733AD300A8F745 /* LocalChangesView.swift */ = {isa = PBXFileReference; lastKnownFileType = sourcecode.swift; path = LocalChangesView.swift; sourceTree = "<group>"; };
		F4C2C72529733B0800A8F745 /* LocalChangesViewModel.swift */ = {isa = PBXFileReference; lastKnownFileType = sourcecode.swift; path = LocalChangesViewModel.swift; sourceTree = "<group>"; };
		F4C2C72729740A0D00A8F745 /* CommitListViewSheet.swift */ = {isa = PBXFileReference; lastKnownFileType = sourcecode.swift; path = CommitListViewSheet.swift; sourceTree = "<group>"; };
		F4C2C72A29742F0500A8F745 /* BranchElementView.swift */ = {isa = PBXFileReference; lastKnownFileType = sourcecode.swift; path = BranchElementView.swift; sourceTree = "<group>"; };
		F4C2C72D297480E700A8F745 /* PreviewHelper.swift */ = {isa = PBXFileReference; lastKnownFileType = sourcecode.swift; path = PreviewHelper.swift; sourceTree = "<group>"; };
		F4CB2C7A29999D4E00296BF7 /* CommitDetailsView.swift */ = {isa = PBXFileReference; lastKnownFileType = sourcecode.swift; path = CommitDetailsView.swift; sourceTree = "<group>"; };
		F4CB2C7C29999DB600296BF7 /* CommitDetailsViewModel.swift */ = {isa = PBXFileReference; lastKnownFileType = sourcecode.swift; path = CommitDetailsViewModel.swift; sourceTree = "<group>"; };
		F4CB2C85299A6F3000296BF7 /* PasteboardService.swift */ = {isa = PBXFileReference; lastKnownFileType = sourcecode.swift; path = PasteboardService.swift; sourceTree = "<group>"; };
		F4CB2C87299A712900296BF7 /* PasteboardServiceTests.swift */ = {isa = PBXFileReference; lastKnownFileType = sourcecode.swift; path = PasteboardServiceTests.swift; sourceTree = "<group>"; };
		F4CB2C8A299A7F6000296BF7 /* Pasteboard.swift */ = {isa = PBXFileReference; lastKnownFileType = sourcecode.swift; path = Pasteboard.swift; sourceTree = "<group>"; };
		F4CB2C95299BA70E00296BF7 /* LoadingIndicatorService.swift */ = {isa = PBXFileReference; lastKnownFileType = sourcecode.swift; path = LoadingIndicatorService.swift; sourceTree = "<group>"; };
		F4CB2C97299BA7CA00296BF7 /* LoadingIndicatorServiceTests.swift */ = {isa = PBXFileReference; lastKnownFileType = sourcecode.swift; path = LoadingIndicatorServiceTests.swift; sourceTree = "<group>"; };
		F4D6E500296B30C900C302C1 /* BranchListView.swift */ = {isa = PBXFileReference; lastKnownFileType = sourcecode.swift; path = BranchListView.swift; sourceTree = "<group>"; };
		F4D6E502296B30D700C302C1 /* BranchListViewModel.swift */ = {isa = PBXFileReference; lastKnownFileType = sourcecode.swift; path = BranchListViewModel.swift; sourceTree = "<group>"; };
		F4D6E505296B59C600C302C1 /* KeyValueRepository.swift */ = {isa = PBXFileReference; lastKnownFileType = sourcecode.swift; path = KeyValueRepository.swift; sourceTree = "<group>"; };
		F4D6E507296B5B4100C302C1 /* LocalKeyValueRepository.swift */ = {isa = PBXFileReference; lastKnownFileType = sourcecode.swift; path = LocalKeyValueRepository.swift; sourceTree = "<group>"; };
		F4D6E509296B6A4B00C302C1 /* OutdatedPillView.swift */ = {isa = PBXFileReference; lastKnownFileType = sourcecode.swift; path = OutdatedPillView.swift; sourceTree = "<group>"; };
		F4D6E50B296B739900C302C1 /* ClearButton.swift */ = {isa = PBXFileReference; lastKnownFileType = sourcecode.swift; path = ClearButton.swift; sourceTree = "<group>"; };
		F4D6E50D296B89EE00C302C1 /* ConditionalModifier.swift */ = {isa = PBXFileReference; lastKnownFileType = sourcecode.swift; path = ConditionalModifier.swift; sourceTree = "<group>"; };
		F4DD5154297A8DD400787B66 /* DiffView.swift */ = {isa = PBXFileReference; lastKnownFileType = sourcecode.swift; path = DiffView.swift; sourceTree = "<group>"; };
		F4DD5156297A8DE100787B66 /* DiffViewModel.swift */ = {isa = PBXFileReference; lastKnownFileType = sourcecode.swift; path = DiffViewModel.swift; sourceTree = "<group>"; };
		F4E664142978A989009E3898 /* Change+UI.swift */ = {isa = PBXFileReference; lastKnownFileType = sourcecode.swift; path = "Change+UI.swift"; sourceTree = "<group>"; };
		F4E76A852993E57900C16ADC /* RepoFavorite.swift */ = {isa = PBXFileReference; lastKnownFileType = sourcecode.swift; path = RepoFavorite.swift; sourceTree = "<group>"; };
		F4E76A872993E80300C16ADC /* FavoriteRepoService.swift */ = {isa = PBXFileReference; lastKnownFileType = sourcecode.swift; path = FavoriteRepoService.swift; sourceTree = "<group>"; };
		F4E76A892993EC1C00C16ADC /* FavoriteRepoServiceTests.swift */ = {isa = PBXFileReference; lastKnownFileType = sourcecode.swift; path = FavoriteRepoServiceTests.swift; sourceTree = "<group>"; };
		FE4458D62E1151A2008EB622 /* InsetTextEditor.swift */ = {isa = PBXFileReference; lastKnownFileType = sourcecode.swift; path = InsetTextEditor.swift; sourceTree = "<group>"; };
/* End PBXFileReference section */

/* Begin PBXFrameworksBuildPhase section */
		F4445A93295E58790053D9B0 /* Frameworks */ = {
			isa = PBXFrameworksBuildPhase;
			buildActionMask = 2147483647;
			files = (
				F490DCC829939C220058F5D8 /* Cuckoo in Frameworks */,
			);
			runOnlyForDeploymentPostprocessing = 0;
		};
		F47CB910295DD7AD00A47BA8 /* Frameworks */ = {
			isa = PBXFrameworksBuildPhase;
			buildActionMask = 2147483647;
			files = (
				F46DC541297E16FF001E357D /* GitCaller in Frameworks */,
				F422AD2D299554EC007A1B81 /* SwiftDose in Frameworks */,
			);
			runOnlyForDeploymentPostprocessing = 0;
		};
/* End PBXFrameworksBuildPhase section */

/* Begin PBXGroup section */
		F422AD1829945008007A1B81 /* Favorites */ = {
			isa = PBXGroup;
			children = (
				F422AD1929945018007A1B81 /* FavoritesViewModel.swift */,
				F422AD1E299456F4007A1B81 /* FavoritesView.swift */,
			);
			path = Favorites;
			sourceTree = "<group>";
		};
		F422AD1B29945463007A1B81 /* ViewModels */ = {
			isa = PBXGroup;
			children = (
			);
			path = ViewModels;
			sourceTree = "<group>";
		};
		F422AD26299518FC007A1B81 /* DependencyInjection */ = {
			isa = PBXGroup;
			children = (
				F422AD2729951911007A1B81 /* DoseValues.swift */,
			);
			path = DependencyInjection;
			sourceTree = "<group>";
		};
		F4445A8D295E526E0053D9B0 /* Extensions */ = {
			isa = PBXGroup;
			children = (
				F4445A8E295E52810053D9B0 /* String.swift */,
				F4B040A129665BF4007AD99C /* Date.swift */,
				F468ECEB297768A7005AA4E9 /* Status+Presentation.swift */,
				F4E664142978A989009E3898 /* Change+UI.swift */,
			);
			path = Extensions;
			sourceTree = "<group>";
		};
		F4445A97295E58790053D9B0 /* JaguTests */ = {
			isa = PBXGroup;
			children = (
				F422AD1B29945463007A1B81 /* ViewModels */,
				F4A7E7812993BA4F00768999 /* Services */,
				F4A7E7802993BA4300768999 /* Repositories */,
				F490DCCD2993A4DF0058F5D8 /* Generalizations */,
				F490DCC929939D760058F5D8 /* GeneratedMocks.swift */,
				F4445A9F295E59790053D9B0 /* GitBuddyAppMainViewModelTest.swift */,
			);
			path = JaguTests;
			sourceTree = "<group>";
		};
		F4445AA1295E5C400053D9B0 /* Views */ = {
			isa = PBXGroup;
			children = (
				F422AD1829945008007A1B81 /* Favorites */,
				F4DD5153297A8DC800787B66 /* Diff */,
				F447A38C2963C29D0056FDEF /* General */,
				F447A3882963B8C60056FDEF /* Helper */,
				F4445AA6295E6A880053D9B0 /* Repository */,
				F47CB916295DD7AD00A47BA8 /* GitBuddyApp.swift */,
				F4445A90295E58310053D9B0 /* GitBuddyAppMainViewModel.swift */,
				F4445AA2295E5C7F0053D9B0 /* BaseViewModel.swift */,
				F4445AA4295E687D0053D9B0 /* NoPathSelectedView.swift */,
				F46C91E8297BD15D00A78C6F /* CommandInputView.swift */,
				F46C91EA297BD29B00A78C6F /* CommandInputViewModel.swift */,
			);
			path = Views;
			sourceTree = "<group>";
		};
		F4445AA6295E6A880053D9B0 /* Repository */ = {
			isa = PBXGroup;
			children = (
				F4C2C72929742ED100A8F745 /* Branches */,
				F4C2C722297339E400A8F745 /* LocalChanges */,
				F4D6E4FF296B30B800C302C1 /* BranchList */,
				F4B0409229664459007AD99C /* CommitList */,
				F47CB918295DD7AD00A47BA8 /* RepoView.swift */,
				F4445AA7295E7BDB0053D9B0 /* RepoViewModel.swift */,
			);
			path = Repository;
			sourceTree = "<group>";
		};
		F447A3882963B8C60056FDEF /* Helper */ = {
			isa = PBXGroup;
			children = (
				FE4458D62E1151A2008EB622 /* InsetTextEditor.swift */,
				F447A3892963B8D60056FDEF /* Loading.swift */,
				F447A38D2963C2C00056FDEF /* ErrorAlert.swift */,
				F4D6E50B296B739900C302C1 /* ClearButton.swift */,
				F4D6E50D296B89EE00C302C1 /* ConditionalModifier.swift */,
				F4075359296E15B700C35F3C /* GeneralAlert.swift */,
				F4C2C72729740A0D00A8F745 /* CommitListViewSheet.swift */,
				F4C2C72D297480E700A8F745 /* PreviewHelper.swift */,
				F44676EE297E93DD00122FFB /* HandleDecissionView.swift */,
				F41A682B2983DBC600948C80 /* KeyAwareView.swift */,
			);
			path = Helper;
			sourceTree = "<group>";
		};
		F447A38C2963C29D0056FDEF /* General */ = {
			isa = PBXGroup;
			children = (
				F4B0409F29665B3D007AD99C /* BadgeView.swift */,
				F4D6E509296B6A4B00C302C1 /* OutdatedPillView.swift */,
			);
			path = General;
			sourceTree = "<group>";
		};
		F46DC542297E1853001E357D /* Services */ = {
			isa = PBXGroup;
			children = (
				F46DC543297E1861001E357D /* FileService.swift */,
				F4E76A872993E80300C16ADC /* FavoriteRepoService.swift */,
				F4CB2C85299A6F3000296BF7 /* PasteboardService.swift */,
				F4CB2C95299BA70E00296BF7 /* LoadingIndicatorService.swift */,
			);
			path = Services;
			sourceTree = "<group>";
		};
		F47CB90A295DD7AD00A47BA8 = {
			isa = PBXGroup;
			children = (
				F46DC532297CA710001E357D /* README.md */,
				F47CB915295DD7AD00A47BA8 /* Jagu */,
				F4445A97295E58790053D9B0 /* JaguTests */,
				F47CB914295DD7AD00A47BA8 /* Products */,
				F47CB926295DD82300A47BA8 /* Frameworks */,
			);
			sourceTree = "<group>";
		};
		F47CB914295DD7AD00A47BA8 /* Products */ = {
			isa = PBXGroup;
			children = (
				F47CB913295DD7AD00A47BA8 /* Jagu.app */,
				F4445A96295E58790053D9B0 /* JaguTests.xctest */,
			);
			name = Products;
			sourceTree = "<group>";
		};
		F47CB915295DD7AD00A47BA8 /* Jagu */ = {
			isa = PBXGroup;
			children = (
				F4CB2C89299A7F4C00296BF7 /* Generalizations */,
				F422AD26299518FC007A1B81 /* DependencyInjection */,
				F46DC542297E1853001E357D /* Services */,
				F4D6E504296B59AF00C302C1 /* Repositories */,
				F4B040A329666D22007AD99C /* Model */,
				F4445AA1295E5C400053D9B0 /* Views */,
				F4445A8D295E526E0053D9B0 /* Extensions */,
				F47CB91A295DD7AF00A47BA8 /* Assets.xcassets */,
				F47CB91C295DD7AF00A47BA8 /* Preview Content */,
				F4445A67295DE5A90053D9B0 /* AppDelegate.swift */,
				F4445A6D295DEB580053D9B0 /* Localizable.strings */,
			);
			path = Jagu;
			sourceTree = "<group>";
		};
		F47CB91C295DD7AF00A47BA8 /* Preview Content */ = {
			isa = PBXGroup;
			children = (
				F47CB91D295DD7AF00A47BA8 /* Preview Assets.xcassets */,
			);
			path = "Preview Content";
			sourceTree = "<group>";
		};
		F47CB926295DD82300A47BA8 /* Frameworks */ = {
			isa = PBXGroup;
			children = (
			);
			name = Frameworks;
			sourceTree = "<group>";
		};
		F490DCCD2993A4DF0058F5D8 /* Generalizations */ = {
			isa = PBXGroup;
			children = (
				F490DCCE2993A4F40058F5D8 /* FileManager.swift */,
				F4A7E77E2993B9BA00768999 /* UserDefaults.swift */,
			);
			path = Generalizations;
			sourceTree = "<group>";
		};
		F4A7E7802993BA4300768999 /* Repositories */ = {
			isa = PBXGroup;
			children = (
				F4A7E7822993BA6D00768999 /* FavoriteRepoRepositoryTests.swift */,
			);
			path = Repositories;
			sourceTree = "<group>";
		};
		F4A7E7812993BA4F00768999 /* Services */ = {
			isa = PBXGroup;
			children = (
				F490DCCB2993A3B30058F5D8 /* FileServiceTests.swift */,
				F4E76A892993EC1C00C16ADC /* FavoriteRepoServiceTests.swift */,
				F4CB2C87299A712900296BF7 /* PasteboardServiceTests.swift */,
				F4CB2C97299BA7CA00296BF7 /* LoadingIndicatorServiceTests.swift */,
			);
			path = Services;
			sourceTree = "<group>";
		};
		F4B0409229664459007AD99C /* CommitList */ = {
			isa = PBXGroup;
			children = (
				F4B0409329664485007AD99C /* CommitListView.swift */,
				F4B04095296653CD007AD99C /* CommitItemView.swift */,
				F4B04097296653F0007AD99C /* CommitTreeElementView.swift */,
				F4B0409929665452007AD99C /* CommitListViewModel.swift */,
				F4B0409B29665561007AD99C /* CommitTreeItem+drawing.swift */,
				F4B0409D29665B0F007AD99C /* TagCloudView.swift */,
				F4CB2C7A29999D4E00296BF7 /* CommitDetailsView.swift */,
				F4CB2C7C29999DB600296BF7 /* CommitDetailsViewModel.swift */,
			);
			path = CommitList;
			sourceTree = "<group>";
		};
		F4B040A329666D22007AD99C /* Model */ = {
			isa = PBXGroup;
			children = (
				F4E76A852993E57900C16ADC /* RepoFavorite.swift */,
			);
			path = Model;
			sourceTree = "<group>";
		};
		F4C2C722297339E400A8F745 /* LocalChanges */ = {
			isa = PBXGroup;
			children = (
				F4C2C72329733AD300A8F745 /* LocalChangesView.swift */,
				F4C2C72529733B0800A8F745 /* LocalChangesViewModel.swift */,
			);
			path = LocalChanges;
			sourceTree = "<group>";
		};
		F4C2C72929742ED100A8F745 /* Branches */ = {
			isa = PBXGroup;
			children = (
				F4C2C72A29742F0500A8F745 /* BranchElementView.swift */,
				F468ECE929775D24005AA4E9 /* BranchElementViewModel.swift */,
			);
			path = Branches;
			sourceTree = "<group>";
		};
		F4CB2C89299A7F4C00296BF7 /* Generalizations */ = {
			isa = PBXGroup;
			children = (
				F4CB2C8A299A7F6000296BF7 /* Pasteboard.swift */,
			);
			path = Generalizations;
			sourceTree = "<group>";
		};
		F4D6E4FF296B30B800C302C1 /* BranchList */ = {
			isa = PBXGroup;
			children = (
				F4D6E500296B30C900C302C1 /* BranchListView.swift */,
				F4D6E502296B30D700C302C1 /* BranchListViewModel.swift */,
			);
			path = BranchList;
			sourceTree = "<group>";
		};
		F4D6E504296B59AF00C302C1 /* Repositories */ = {
			isa = PBXGroup;
			children = (
				F4D6E505296B59C600C302C1 /* KeyValueRepository.swift */,
				F4D6E507296B5B4100C302C1 /* LocalKeyValueRepository.swift */,
				F4A7E77A2993B8F200768999 /* FavoriteRepoRepository.swift */,
				F4A7E77C2993B93B00768999 /* LocalFavoriteRepoRepository.swift */,
				F4A7E7842993BBA500768999 /* UserDefaultsRepo.swift */,
			);
			path = Repositories;
			sourceTree = "<group>";
		};
		F4DD5153297A8DC800787B66 /* Diff */ = {
			isa = PBXGroup;
			children = (
				F4DD5154297A8DD400787B66 /* DiffView.swift */,
				F4DD5156297A8DE100787B66 /* DiffViewModel.swift */,
			);
			path = Diff;
			sourceTree = "<group>";
		};
/* End PBXGroup section */

/* Begin PBXNativeTarget section */
		F4445A95295E58790053D9B0 /* JaguTests */ = {
			isa = PBXNativeTarget;
			buildConfigurationList = F4445A9C295E58790053D9B0 /* Build configuration list for PBXNativeTarget "JaguTests" */;
			buildPhases = (
				F490DCC629939A6A0058F5D8 /* ShellScript */,
				F4445A92295E58790053D9B0 /* Sources */,
				F4445A93295E58790053D9B0 /* Frameworks */,
				F4445A94295E58790053D9B0 /* Resources */,
			);
			buildRules = (
			);
			dependencies = (
				F4445A9B295E58790053D9B0 /* PBXTargetDependency */,
			);
			name = JaguTests;
			packageProductDependencies = (
				F490DCC729939C220058F5D8 /* Cuckoo */,
			);
			productName = GitBuddyTests;
			productReference = F4445A96295E58790053D9B0 /* JaguTests.xctest */;
			productType = "com.apple.product-type.bundle.unit-test";
		};
		F47CB912295DD7AD00A47BA8 /* Jagu */ = {
			isa = PBXNativeTarget;
			buildConfigurationList = F47CB922295DD7AF00A47BA8 /* Build configuration list for PBXNativeTarget "Jagu" */;
			buildPhases = (
				F47CB90F295DD7AD00A47BA8 /* Sources */,
				F47CB910295DD7AD00A47BA8 /* Frameworks */,
				F47CB911295DD7AD00A47BA8 /* Resources */,
			);
			buildRules = (
			);
			dependencies = (
			);
			name = Jagu;
			packageProductDependencies = (
				F46DC540297E16FF001E357D /* GitCaller */,
				F422AD2C299554EC007A1B81 /* SwiftDose */,
			);
			productName = GitBuddy;
			productReference = F47CB913295DD7AD00A47BA8 /* Jagu.app */;
			productType = "com.apple.product-type.application";
		};
/* End PBXNativeTarget section */

/* Begin PBXProject section */
		F47CB90B295DD7AD00A47BA8 /* Project object */ = {
			isa = PBXProject;
			attributes = {
				BuildIndependentTargetsInParallel = 1;
				LastSwiftUpdateCheck = 1410;
				LastUpgradeCheck = 1410;
				TargetAttributes = {
					F4445A95295E58790053D9B0 = {
						CreatedOnToolsVersion = 14.1;
						LastSwiftMigration = 1410;
						TestTargetID = F47CB912295DD7AD00A47BA8;
					};
					F47CB912295DD7AD00A47BA8 = {
						CreatedOnToolsVersion = 14.1;
					};
				};
			};
			buildConfigurationList = F47CB90E295DD7AD00A47BA8 /* Build configuration list for PBXProject "Jagu" */;
			compatibilityVersion = "Xcode 14.0";
			developmentRegion = en;
			hasScannedForEncodings = 0;
			knownRegions = (
				en,
				Base,
			);
			mainGroup = F47CB90A295DD7AD00A47BA8;
			packageReferences = (
				F46DC53F297E16FF001E357D /* XCRemoteSwiftPackageReference "GitCaller" */,
				F490DCC3299399D20058F5D8 /* XCRemoteSwiftPackageReference "Cuckoo" */,
				F422AD2B299554EC007A1B81 /* XCRemoteSwiftPackageReference "SwiftDose" */,
			);
			productRefGroup = F47CB914295DD7AD00A47BA8 /* Products */;
			projectDirPath = "";
			projectRoot = "";
			targets = (
				F47CB912295DD7AD00A47BA8 /* Jagu */,
				F4445A95295E58790053D9B0 /* JaguTests */,
			);
		};
/* End PBXProject section */

/* Begin PBXResourcesBuildPhase section */
		F4445A94295E58790053D9B0 /* Resources */ = {
			isa = PBXResourcesBuildPhase;
			buildActionMask = 2147483647;
			files = (
			);
			runOnlyForDeploymentPostprocessing = 0;
		};
		F47CB911295DD7AD00A47BA8 /* Resources */ = {
			isa = PBXResourcesBuildPhase;
			buildActionMask = 2147483647;
			files = (
				F47CB91E295DD7AF00A47BA8 /* Preview Assets.xcassets in Resources */,
				F4445A6B295DEB580053D9B0 /* Localizable.strings in Resources */,
				F46DC533297CA710001E357D /* README.md in Resources */,
				F47CB91B295DD7AF00A47BA8 /* Assets.xcassets in Resources */,
			);
			runOnlyForDeploymentPostprocessing = 0;
		};
/* End PBXResourcesBuildPhase section */

/* Begin PBXShellScriptBuildPhase section */
		F490DCC629939A6A0058F5D8 /* ShellScript */ = {
			isa = PBXShellScriptBuildPhase;
			alwaysOutOfDate = 1;
			buildActionMask = 2147483647;
			files = (
			);
			inputFileListPaths = (
			);
			inputPaths = (
				"$(SRCROOT)/JaguTests/Generalizations/FileManager.swift",
				"$(SRCROOT)/JaguTests/Generalizations/UserDefaults.swift",
				"$(SRCROOT)/Jagu/Repositories/FavoriteRepoRepository.swift",
				"$(SRCROOT)/Jagu/Services/FavoriteRepoService.swift",
				"$(SRCROOT)/Jagu/Generalizations/Pasteboard.swift",
			);
			outputFileListPaths = (
			);
			outputPaths = (
			);
			runOnlyForDeploymentPostprocessing = 0;
			shellPath = /bin/sh;
			shellScript = "if [ $ACTION == \"indexbuild\" ]; then\n  echo \"Not running Cuckoo generator during indexing.\"\n  exit 0\nfi\n\n# Skip for preview builds\nif [ \"${ENABLE_PREVIEWS}\" = \"YES\" ]; then\n  echo \"Not running Cuckoo generator during preview builds.\"\n  exit 0\nfi\n\n# Define output file. Change \"${PROJECT_DIR}/${PROJECT_NAME}Tests\" to your test's root source folder, if it's not the default name.\nOUTPUT_FILE=\"${PROJECT_DIR}/${PROJECT_NAME}Tests/GeneratedMocks.swift\"\necho \"Generated Mocks File = ${OUTPUT_FILE}\"\n\n# Define input directory. Change \"${PROJECT_DIR}/${PROJECT_NAME}\" to your project's root source folder, if it's not the default name.\nINPUT_DIR=\"${PROJECT_DIR}/${PROJECT_NAME}\"\necho \"Mocks Input Directory = ${INPUT_DIR}\"\n\n# Generate mock files, include as many input files as you'd like to create mocks for.\n\"${PROJECT_DIR}/run\" --clean --download generate --testable \"${PROJECT_NAME}\" \\\n--output \"${OUTPUT_FILE}\" \\\n\"${INPUT_DIR}/Services/FileService.swift\" \\\n\"${INPUT_DIR}/Views/Helper/PreviewHelper.swift\"\n# ... and so forth, the last line should never end with a backslash\n\n# After running once, locate `GeneratedMocks.swift` and drag it into your Xcode test target group.\n";
		};
/* End PBXShellScriptBuildPhase section */

/* Begin PBXSourcesBuildPhase section */
		F4445A92295E58790053D9B0 /* Sources */ = {
			isa = PBXSourcesBuildPhase;
			buildActionMask = 2147483647;
			files = (
				F4CB2C98299BA7CA00296BF7 /* LoadingIndicatorServiceTests.swift in Sources */,
				F490DCCC2993A3B30058F5D8 /* FileServiceTests.swift in Sources */,
				F4A7E7832993BA6D00768999 /* FavoriteRepoRepositoryTests.swift in Sources */,
				F4A7E77F2993B9BA00768999 /* UserDefaults.swift in Sources */,
				F4CB2C88299A712900296BF7 /* PasteboardServiceTests.swift in Sources */,
				F4E76A8A2993EC1C00C16ADC /* FavoriteRepoServiceTests.swift in Sources */,
				F4445AA0295E59790053D9B0 /* GitBuddyAppMainViewModelTest.swift in Sources */,
				F490DCCA29939D770058F5D8 /* GeneratedMocks.swift in Sources */,
				F4A7E7782993B7C300768999 /* FileManager.swift in Sources */,
			);
			runOnlyForDeploymentPostprocessing = 0;
		};
		F47CB90F295DD7AD00A47BA8 /* Sources */ = {
			isa = PBXSourcesBuildPhase;
			buildActionMask = 2147483647;
			files = (
				F4445AA8295E7BDB0053D9B0 /* RepoViewModel.swift in Sources */,
				F447A38A2963B8D60056FDEF /* Loading.swift in Sources */,
				F4445A91295E58310053D9B0 /* GitBuddyAppMainViewModel.swift in Sources */,
				F4E664152978A989009E3898 /* Change+UI.swift in Sources */,
				F41A682C2983DBC600948C80 /* KeyAwareView.swift in Sources */,
				F4C2C72B29742F0500A8F745 /* BranchElementView.swift in Sources */,
				F4CB2C7B29999D4E00296BF7 /* CommitDetailsView.swift in Sources */,
				F4445A68295DE5A90053D9B0 /* AppDelegate.swift in Sources */,
				F47CB919295DD7AD00A47BA8 /* RepoView.swift in Sources */,
				F468ECEC297768A7005AA4E9 /* Status+Presentation.swift in Sources */,
				F447A38E2963C2C00056FDEF /* ErrorAlert.swift in Sources */,
				F4B040A029665B3D007AD99C /* BadgeView.swift in Sources */,
				F407535A296E15B700C35F3C /* GeneralAlert.swift in Sources */,
				F4CB2C8B299A7F6000296BF7 /* Pasteboard.swift in Sources */,
				F46DC544297E1861001E357D /* FileService.swift in Sources */,
				F4D6E50C296B739900C302C1 /* ClearButton.swift in Sources */,
				F4E76A862993E57900C16ADC /* RepoFavorite.swift in Sources */,
				F422AD2829951911007A1B81 /* DoseValues.swift in Sources */,
				F4CB2C7D29999DB600296BF7 /* CommitDetailsViewModel.swift in Sources */,
				F4A7E7852993BBA500768999 /* UserDefaultsRepo.swift in Sources */,
				F4C2C72829740A0D00A8F745 /* CommitListViewSheet.swift in Sources */,
				F4B0409E29665B0F007AD99C /* TagCloudView.swift in Sources */,
				F4B0409C29665561007AD99C /* CommitTreeItem+drawing.swift in Sources */,
				F4D6E508296B5B4100C302C1 /* LocalKeyValueRepository.swift in Sources */,
				F4D6E501296B30C900C302C1 /* BranchListView.swift in Sources */,
				F4A7E77D2993B93B00768999 /* LocalFavoriteRepoRepository.swift in Sources */,
				F4C2C72E297480E700A8F745 /* PreviewHelper.swift in Sources */,
				F4CB2C86299A6F3000296BF7 /* PasteboardService.swift in Sources */,
				F4D6E503296B30D700C302C1 /* BranchListViewModel.swift in Sources */,
				F4CB2C96299BA70E00296BF7 /* LoadingIndicatorService.swift in Sources */,
				F4B04098296653F0007AD99C /* CommitTreeElementView.swift in Sources */,
				F4445AA5295E687D0053D9B0 /* NoPathSelectedView.swift in Sources */,
				F4DD5155297A8DD400787B66 /* DiffView.swift in Sources */,
				F4445A8F295E52810053D9B0 /* String.swift in Sources */,
				F4C2C72429733AD300A8F745 /* LocalChangesView.swift in Sources */,
				F4B04096296653CD007AD99C /* CommitItemView.swift in Sources */,
				F46C91EB297BD29B00A78C6F /* CommandInputViewModel.swift in Sources */,
				F47CB917295DD7AD00A47BA8 /* GitBuddyApp.swift in Sources */,
				F44676EF297E93DD00122FFB /* HandleDecissionView.swift in Sources */,
				F4D6E50A296B6A4B00C302C1 /* OutdatedPillView.swift in Sources */,
				F4D6E506296B59C600C302C1 /* KeyValueRepository.swift in Sources */,
				F4C2C72629733B0800A8F745 /* LocalChangesViewModel.swift in Sources */,
				F4A7E77B2993B8F200768999 /* FavoriteRepoRepository.swift in Sources */,
				F422AD1A29945018007A1B81 /* FavoritesViewModel.swift in Sources */,
				F4B0409A29665452007AD99C /* CommitListViewModel.swift in Sources */,
				F46C91E9297BD15D00A78C6F /* CommandInputView.swift in Sources */,
				F468ECEA29775D24005AA4E9 /* BranchElementViewModel.swift in Sources */,
				F4D6E50E296B89EE00C302C1 /* ConditionalModifier.swift in Sources */,
				F4B040A229665BF4007AD99C /* Date.swift in Sources */,
				F4445AA3295E5C7F0053D9B0 /* BaseViewModel.swift in Sources */,
				F422AD1F299456F4007A1B81 /* FavoritesView.swift in Sources */,
				FE4458D72E1151A3008EB622 /* InsetTextEditor.swift in Sources */,
				F4B0409429664485007AD99C /* CommitListView.swift in Sources */,
				F4DD5157297A8DE100787B66 /* DiffViewModel.swift in Sources */,
				F4E76A882993E80300C16ADC /* FavoriteRepoService.swift in Sources */,
			);
			runOnlyForDeploymentPostprocessing = 0;
		};
/* End PBXSourcesBuildPhase section */

/* Begin PBXTargetDependency section */
		F4445A9B295E58790053D9B0 /* PBXTargetDependency */ = {
			isa = PBXTargetDependency;
			target = F47CB912295DD7AD00A47BA8 /* Jagu */;
			targetProxy = F4445A9A295E58790053D9B0 /* PBXContainerItemProxy */;
		};
/* End PBXTargetDependency section */

/* Begin PBXVariantGroup section */
		F4445A6D295DEB580053D9B0 /* Localizable.strings */ = {
			isa = PBXVariantGroup;
			children = (
				F4445A6C295DEB580053D9B0 /* en */,
			);
			name = Localizable.strings;
			sourceTree = "<group>";
		};
/* End PBXVariantGroup section */

/* Begin XCBuildConfiguration section */
		F4445A9D295E58790053D9B0 /* Debug */ = {
			isa = XCBuildConfiguration;
			buildSettings = {
				BUNDLE_LOADER = "$(TEST_HOST)";
				CLANG_ENABLE_MODULES = YES;
				CODE_SIGN_STYLE = Automatic;
				CURRENT_PROJECT_VERSION = 1;
				DEVELOPMENT_TEAM = 3SXRZ8J7UJ;
				GENERATE_INFOPLIST_FILE = YES;
				LD_RUNPATH_SEARCH_PATHS = (
					"$(inherited)",
					"@executable_path/../Frameworks",
					"@loader_path/../Frameworks",
				);
				MACOSX_DEPLOYMENT_TARGET = 13.0;
				MARKETING_VERSION = 1.0;
				PRODUCT_BUNDLE_IDENTIFIER = com.hellmann.JaguTests;
				PRODUCT_NAME = "$(TARGET_NAME)";
				SWIFT_EMIT_LOC_STRINGS = NO;
				SWIFT_OPTIMIZATION_LEVEL = "-Onone";
				SWIFT_VERSION = 5.0;
				TEST_HOST = "$(BUILT_PRODUCTS_DIR)/Jagu.app/$(BUNDLE_EXECUTABLE_FOLDER_PATH)/Jagu";
			};
			name = Debug;
		};
		F4445A9E295E58790053D9B0 /* Release */ = {
			isa = XCBuildConfiguration;
			buildSettings = {
				BUNDLE_LOADER = "$(TEST_HOST)";
				CLANG_ENABLE_MODULES = YES;
				CODE_SIGN_STYLE = Automatic;
				CURRENT_PROJECT_VERSION = 1;
				DEVELOPMENT_TEAM = 3SXRZ8J7UJ;
				GENERATE_INFOPLIST_FILE = YES;
				LD_RUNPATH_SEARCH_PATHS = (
					"$(inherited)",
					"@executable_path/../Frameworks",
					"@loader_path/../Frameworks",
				);
				MACOSX_DEPLOYMENT_TARGET = 13.0;
				MARKETING_VERSION = 1.0;
				PRODUCT_BUNDLE_IDENTIFIER = com.hellmann.JaguTests;
				PRODUCT_NAME = "$(TARGET_NAME)";
				SWIFT_EMIT_LOC_STRINGS = NO;
				SWIFT_VERSION = 5.0;
				TEST_HOST = "$(BUILT_PRODUCTS_DIR)/Jagu.app/$(BUNDLE_EXECUTABLE_FOLDER_PATH)/Jagu";
			};
			name = Release;
		};
		F47CB920295DD7AF00A47BA8 /* Debug */ = {
			isa = XCBuildConfiguration;
			buildSettings = {
				ALWAYS_SEARCH_USER_PATHS = NO;
				CLANG_ANALYZER_LOCALIZABILITY_NONLOCALIZED = YES;
				CLANG_ANALYZER_NONNULL = YES;
				CLANG_ANALYZER_NUMBER_OBJECT_CONVERSION = YES_AGGRESSIVE;
				CLANG_CXX_LANGUAGE_STANDARD = "gnu++20";
				CLANG_ENABLE_MODULES = YES;
				CLANG_ENABLE_OBJC_ARC = YES;
				CLANG_ENABLE_OBJC_WEAK = YES;
				CLANG_WARN_BLOCK_CAPTURE_AUTORELEASING = YES;
				CLANG_WARN_BOOL_CONVERSION = YES;
				CLANG_WARN_COMMA = YES;
				CLANG_WARN_CONSTANT_CONVERSION = YES;
				CLANG_WARN_DEPRECATED_OBJC_IMPLEMENTATIONS = YES;
				CLANG_WARN_DIRECT_OBJC_ISA_USAGE = YES_ERROR;
				CLANG_WARN_DOCUMENTATION_COMMENTS = YES;
				CLANG_WARN_EMPTY_BODY = YES;
				CLANG_WARN_ENUM_CONVERSION = YES;
				CLANG_WARN_INFINITE_RECURSION = YES;
				CLANG_WARN_INT_CONVERSION = YES;
				CLANG_WARN_NON_LITERAL_NULL_CONVERSION = YES;
				CLANG_WARN_OBJC_IMPLICIT_RETAIN_SELF = YES;
				CLANG_WARN_OBJC_LITERAL_CONVERSION = YES;
				CLANG_WARN_OBJC_ROOT_CLASS = YES_ERROR;
				CLANG_WARN_QUOTED_INCLUDE_IN_FRAMEWORK_HEADER = YES;
				CLANG_WARN_RANGE_LOOP_ANALYSIS = YES;
				CLANG_WARN_STRICT_PROTOTYPES = YES;
				CLANG_WARN_SUSPICIOUS_MOVE = YES;
				CLANG_WARN_UNGUARDED_AVAILABILITY = YES_AGGRESSIVE;
				CLANG_WARN_UNREACHABLE_CODE = YES;
				CLANG_WARN__DUPLICATE_METHOD_MATCH = YES;
				COPY_PHASE_STRIP = NO;
				DEBUG_INFORMATION_FORMAT = dwarf;
				ENABLE_STRICT_OBJC_MSGSEND = YES;
				ENABLE_TESTABILITY = YES;
				GCC_C_LANGUAGE_STANDARD = gnu11;
				GCC_DYNAMIC_NO_PIC = NO;
				GCC_NO_COMMON_BLOCKS = YES;
				GCC_OPTIMIZATION_LEVEL = 0;
				GCC_PREPROCESSOR_DEFINITIONS = (
					"DEBUG=1",
					"$(inherited)",
				);
				GCC_WARN_64_TO_32_BIT_CONVERSION = YES;
				GCC_WARN_ABOUT_RETURN_TYPE = YES_ERROR;
				GCC_WARN_UNDECLARED_SELECTOR = YES;
				GCC_WARN_UNINITIALIZED_AUTOS = YES_AGGRESSIVE;
				GCC_WARN_UNUSED_FUNCTION = YES;
				GCC_WARN_UNUSED_VARIABLE = YES;
				MACOSX_DEPLOYMENT_TARGET = 12.6;
				MTL_ENABLE_DEBUG_INFO = INCLUDE_SOURCE;
				MTL_FAST_MATH = YES;
				ONLY_ACTIVE_ARCH = YES;
				SDKROOT = macosx;
				SWIFT_ACTIVE_COMPILATION_CONDITIONS = DEBUG;
				SWIFT_OPTIMIZATION_LEVEL = "-Onone";
			};
			name = Debug;
		};
		F47CB921295DD7AF00A47BA8 /* Release */ = {
			isa = XCBuildConfiguration;
			buildSettings = {
				ALWAYS_SEARCH_USER_PATHS = NO;
				CLANG_ANALYZER_LOCALIZABILITY_NONLOCALIZED = YES;
				CLANG_ANALYZER_NONNULL = YES;
				CLANG_ANALYZER_NUMBER_OBJECT_CONVERSION = YES_AGGRESSIVE;
				CLANG_CXX_LANGUAGE_STANDARD = "gnu++20";
				CLANG_ENABLE_MODULES = YES;
				CLANG_ENABLE_OBJC_ARC = YES;
				CLANG_ENABLE_OBJC_WEAK = YES;
				CLANG_WARN_BLOCK_CAPTURE_AUTORELEASING = YES;
				CLANG_WARN_BOOL_CONVERSION = YES;
				CLANG_WARN_COMMA = YES;
				CLANG_WARN_CONSTANT_CONVERSION = YES;
				CLANG_WARN_DEPRECATED_OBJC_IMPLEMENTATIONS = YES;
				CLANG_WARN_DIRECT_OBJC_ISA_USAGE = YES_ERROR;
				CLANG_WARN_DOCUMENTATION_COMMENTS = YES;
				CLANG_WARN_EMPTY_BODY = YES;
				CLANG_WARN_ENUM_CONVERSION = YES;
				CLANG_WARN_INFINITE_RECURSION = YES;
				CLANG_WARN_INT_CONVERSION = YES;
				CLANG_WARN_NON_LITERAL_NULL_CONVERSION = YES;
				CLANG_WARN_OBJC_IMPLICIT_RETAIN_SELF = YES;
				CLANG_WARN_OBJC_LITERAL_CONVERSION = YES;
				CLANG_WARN_OBJC_ROOT_CLASS = YES_ERROR;
				CLANG_WARN_QUOTED_INCLUDE_IN_FRAMEWORK_HEADER = YES;
				CLANG_WARN_RANGE_LOOP_ANALYSIS = YES;
				CLANG_WARN_STRICT_PROTOTYPES = YES;
				CLANG_WARN_SUSPICIOUS_MOVE = YES;
				CLANG_WARN_UNGUARDED_AVAILABILITY = YES_AGGRESSIVE;
				CLANG_WARN_UNREACHABLE_CODE = YES;
				CLANG_WARN__DUPLICATE_METHOD_MATCH = YES;
				COPY_PHASE_STRIP = NO;
				DEBUG_INFORMATION_FORMAT = "dwarf-with-dsym";
				ENABLE_NS_ASSERTIONS = NO;
				ENABLE_STRICT_OBJC_MSGSEND = YES;
				GCC_C_LANGUAGE_STANDARD = gnu11;
				GCC_NO_COMMON_BLOCKS = YES;
				GCC_WARN_64_TO_32_BIT_CONVERSION = YES;
				GCC_WARN_ABOUT_RETURN_TYPE = YES_ERROR;
				GCC_WARN_UNDECLARED_SELECTOR = YES;
				GCC_WARN_UNINITIALIZED_AUTOS = YES_AGGRESSIVE;
				GCC_WARN_UNUSED_FUNCTION = YES;
				GCC_WARN_UNUSED_VARIABLE = YES;
				MACOSX_DEPLOYMENT_TARGET = 12.6;
				MTL_ENABLE_DEBUG_INFO = NO;
				MTL_FAST_MATH = YES;
				SDKROOT = macosx;
				SWIFT_COMPILATION_MODE = wholemodule;
				SWIFT_OPTIMIZATION_LEVEL = "-O";
			};
			name = Release;
		};
		F47CB923295DD7AF00A47BA8 /* Debug */ = {
			isa = XCBuildConfiguration;
			buildSettings = {
				ASSETCATALOG_COMPILER_APPICON_NAME = AppIcon;
				ASSETCATALOG_COMPILER_GLOBAL_ACCENT_COLOR_NAME = AccentColor;
				ASSETCATALOG_COMPILER_INCLUDE_ALL_APPICON_ASSETS = YES;
				CODE_SIGN_ENTITLEMENTS = Jagu/Jagu.entitlements;
				CODE_SIGN_IDENTITY = "Apple Development";
				CODE_SIGN_STYLE = Automatic;
				COMBINE_HIDPI_IMAGES = YES;
				CURRENT_PROJECT_VERSION = 1;
				DEVELOPMENT_ASSET_PATHS = "\"Jagu/Preview Content\"";
				DEVELOPMENT_TEAM = 3SXRZ8J7UJ;
				ENABLE_HARDENED_RUNTIME = YES;
				ENABLE_PREVIEWS = YES;
				GENERATE_INFOPLIST_FILE = YES;
				INFOPLIST_KEY_CFBundleDisplayName = Jagu;
				INFOPLIST_KEY_NSHumanReadableCopyright = "";
				LD_RUNPATH_SEARCH_PATHS = (
					"$(inherited)",
					"@executable_path/../Frameworks",
				);
				MACOSX_DEPLOYMENT_TARGET = 14.6;
				MARKETING_VERSION = "Alpha 0.1.8";
				PRODUCT_BUNDLE_IDENTIFIER = com.hellmann.Jagu;
				PRODUCT_NAME = "$(TARGET_NAME)";
				PROVISIONING_PROFILE_SPECIFIER = "";
				SWIFT_EMIT_LOC_STRINGS = YES;
				SWIFT_VERSION = 5.0;
			};
			name = Debug;
		};
		F47CB924295DD7AF00A47BA8 /* Release */ = {
			isa = XCBuildConfiguration;
			buildSettings = {
				ASSETCATALOG_COMPILER_APPICON_NAME = AppIcon;
				ASSETCATALOG_COMPILER_GLOBAL_ACCENT_COLOR_NAME = AccentColor;
				ASSETCATALOG_COMPILER_INCLUDE_ALL_APPICON_ASSETS = YES;
				CODE_SIGN_ENTITLEMENTS = Jagu/Jagu.entitlements;
				CODE_SIGN_IDENTITY = "Apple Development";
				CODE_SIGN_STYLE = Automatic;
				COMBINE_HIDPI_IMAGES = YES;
				CURRENT_PROJECT_VERSION = 1;
				DEVELOPMENT_ASSET_PATHS = "\"Jagu/Preview Content\"";
				DEVELOPMENT_TEAM = 3SXRZ8J7UJ;
				ENABLE_HARDENED_RUNTIME = YES;
				ENABLE_PREVIEWS = YES;
				GENERATE_INFOPLIST_FILE = YES;
				INFOPLIST_KEY_CFBundleDisplayName = Jagu;
				INFOPLIST_KEY_NSHumanReadableCopyright = "";
				LD_RUNPATH_SEARCH_PATHS = (
					"$(inherited)",
					"@executable_path/../Frameworks",
				);
				MACOSX_DEPLOYMENT_TARGET = 14.6;
				MARKETING_VERSION = "Alpha 0.1.8";
				PRODUCT_BUNDLE_IDENTIFIER = com.hellmann.Jagu;
				PRODUCT_NAME = "$(TARGET_NAME)";
				PROVISIONING_PROFILE_SPECIFIER = "";
				SWIFT_EMIT_LOC_STRINGS = YES;
				SWIFT_VERSION = 5.0;
			};
			name = Release;
		};
/* End XCBuildConfiguration section */

/* Begin XCConfigurationList section */
		F4445A9C295E58790053D9B0 /* Build configuration list for PBXNativeTarget "JaguTests" */ = {
			isa = XCConfigurationList;
			buildConfigurations = (
				F4445A9D295E58790053D9B0 /* Debug */,
				F4445A9E295E58790053D9B0 /* Release */,
			);
			defaultConfigurationIsVisible = 0;
			defaultConfigurationName = Release;
		};
		F47CB90E295DD7AD00A47BA8 /* Build configuration list for PBXProject "Jagu" */ = {
			isa = XCConfigurationList;
			buildConfigurations = (
				F47CB920295DD7AF00A47BA8 /* Debug */,
				F47CB921295DD7AF00A47BA8 /* Release */,
			);
			defaultConfigurationIsVisible = 0;
			defaultConfigurationName = Release;
		};
		F47CB922295DD7AF00A47BA8 /* Build configuration list for PBXNativeTarget "Jagu" */ = {
			isa = XCConfigurationList;
			buildConfigurations = (
				F47CB923295DD7AF00A47BA8 /* Debug */,
				F47CB924295DD7AF00A47BA8 /* Release */,
			);
			defaultConfigurationIsVisible = 0;
			defaultConfigurationName = Release;
		};
/* End XCConfigurationList section */

/* Begin XCRemoteSwiftPackageReference section */
		F422AD2B299554EC007A1B81 /* XCRemoteSwiftPackageReference "SwiftDose" */ = {
			isa = XCRemoteSwiftPackageReference;
			repositoryURL = "https://github.com/klein-artur/SwiftDose";
			requirement = {
				kind = upToNextMajorVersion;
				minimumVersion = 1.0.0;
			};
		};
		F46DC53F297E16FF001E357D /* XCRemoteSwiftPackageReference "GitCaller" */ = {
			isa = XCRemoteSwiftPackageReference;
			repositoryURL = "https://github.com/klein-artur/GitCaller";
			requirement = {
				branch = develop;
				kind = branch;
			};
		};
		F490DCC3299399D20058F5D8 /* XCRemoteSwiftPackageReference "Cuckoo" */ = {
			isa = XCRemoteSwiftPackageReference;
			repositoryURL = "https://github.com/Brightify/Cuckoo.git";
			requirement = {
				kind = upToNextMajorVersion;
				minimumVersion = 1.0.0;
			};
		};
/* End XCRemoteSwiftPackageReference section */

/* Begin XCSwiftPackageProductDependency section */
		F422AD2C299554EC007A1B81 /* SwiftDose */ = {
			isa = XCSwiftPackageProductDependency;
			package = F422AD2B299554EC007A1B81 /* XCRemoteSwiftPackageReference "SwiftDose" */;
			productName = SwiftDose;
		};
		F46DC540297E16FF001E357D /* GitCaller */ = {
			isa = XCSwiftPackageProductDependency;
			package = F46DC53F297E16FF001E357D /* XCRemoteSwiftPackageReference "GitCaller" */;
			productName = GitCaller;
		};
		F490DCC729939C220058F5D8 /* Cuckoo */ = {
			isa = XCSwiftPackageProductDependency;
			package = F490DCC3299399D20058F5D8 /* XCRemoteSwiftPackageReference "Cuckoo" */;
			productName = Cuckoo;
		};
/* End XCSwiftPackageProductDependency section */
	};
	rootObject = F47CB90B295DD7AD00A47BA8 /* Project object */;
}
